
Microsoft Visual Studio Solution File, Format Version 12.00
# Visual Studio 15
VisualStudioVersion = 15.0.26730.12
MinimumVisualStudioVersion = 10.0.40219.1
Project("{9A19103F-16F7-4668-BE54-9A1E7A4F7556}") = "MySimpleWebApi", "MySimpleWebApi\MySimpleWebApi.csproj", "{866F0934-12B6-4C87-A76B-24DA04082022}"
EndProject
Project("{E53339B2-1760-4266-BCC7-CA923CBCF16C}") = "docker-compose", "docker-compose.dcproj", "{81E9229C-3BFE-4D21-B5FB-AD61960FCE0B}"
EndProject
Project("{FAE04EC0-301F-11D3-BF4B-00C04F79EFBC}") = "MySimpleWebApiTests", "MySimpleWebApiTests\MySimpleWebApiTests.csproj", "{0FD1AB05-E8D2-498F-BE07-E062595DBD7C}"
EndProject
Global
	GlobalSection(SolutionConfigurationPlatforms) = preSolution
		Debug|Any CPU = Debug|Any CPU
		Release|Any CPU = Release|Any CPU
	EndGlobalSection
	GlobalSection(ProjectConfigurationPlatforms) = postSolution
		{866F0934-12B6-4C87-A76B-24DA04082022}.Debug|Any CPU.ActiveCfg = Debug|Any CPU
		{866F0934-12B6-4C87-A76B-24DA04082022}.Debug|Any CPU.Build.0 = Debug|Any CPU
		{866F0934-12B6-4C87-A76B-24DA04082022}.Release|Any CPU.ActiveCfg = Release|Any CPU
		{866F0934-12B6-4C87-A76B-24DA04082022}.Release|Any CPU.Build.0 = Release|Any CPU
		{81E9229C-3BFE-4D21-B5FB-AD61960FCE0B}.Debug|Any CPU.ActiveCfg = Debug|Any CPU
		{81E9229C-3BFE-4D21-B5FB-AD61960FCE0B}.Debug|Any CPU.Build.0 = Debug|Any CPU
		{81E9229C-3BFE-4D21-B5FB-AD61960FCE0B}.Release|Any CPU.ActiveCfg = Release|Any CPU
		{81E9229C-3BFE-4D21-B5FB-AD61960FCE0B}.Release|Any CPU.Build.0 = Release|Any CPU
		{0FD1AB05-E8D2-498F-BE07-E062595DBD7C}.Debug|Any CPU.ActiveCfg = Debug|Any CPU
		{0FD1AB05-E8D2-498F-BE07-E062595DBD7C}.Debug|Any CPU.Build.0 = Debug|Any CPU
		{0FD1AB05-E8D2-498F-BE07-E062595DBD7C}.Release|Any CPU.ActiveCfg = Release|Any CPU
		{0FD1AB05-E8D2-498F-BE07-E062595DBD7C}.Release|Any CPU.Build.0 = Release|Any CPU
	EndGlobalSection
	GlobalSection(SolutionProperties) = preSolution
		HideSolutionNode = FALSE
	EndGlobalSection
	GlobalSection(ExtensibilityGlobals) = postSolution
		SolutionGuid = {D9C04A16-783F-400E-B98E-CB7D3F591478}
	EndGlobalSection
EndGlobal
